
Microsoft Visual Studio Solution File, Format Version 12.00
# Visual Studio 15
VisualStudioVersion = 15.0.26730.16
MinimumVisualStudioVersion = 10.0.40219.1
Project("{DA7A21FA-8162-4350-AD77-A8D1B671F3ED}") = "Operationalizing Machine Learning", "Operationalizing Machine Learning\Operationalizing Machine Learning.rxproj", "{572F18D4-4B9E-4F21-A498-F7162E80E62F}"
EndProject
Global
	GlobalSection(SolutionConfigurationPlatforms) = preSolution
		Debug|Any CPU = Debug|Any CPU
		Release|Any CPU = Release|Any CPU
	EndGlobalSection
	GlobalSection(ProjectConfigurationPlatforms) = postSolution
		{572F18D4-4B9E-4F21-A498-F7162E80E62F}.Debug|Any CPU.ActiveCfg = Debug|Any CPU
		{572F18D4-4B9E-4F21-A498-F7162E80E62F}.Debug|Any CPU.Build.0 = Debug|Any CPU
		{572F18D4-4B9E-4F21-A498-F7162E80E62F}.Release|Any CPU.ActiveCfg = Release|Any CPU
		{572F18D4-4B9E-4F21-A498-F7162E80E62F}.Release|Any CPU.Build.0 = Release|Any CPU
	EndGlobalSection
	GlobalSection(SolutionProperties) = preSolution
		HideSolutionNode = FALSE
	EndGlobalSection
	GlobalSection(ExtensibilityGlobals) = postSolution
		SolutionGuid = {2FAEE27B-19BB-439E-BB41-AF2D76C0ABA7}
	EndGlobalSection
EndGlobal
